
Microsoft Visual Studio Solution File, Format Version 12.00
# Visual Studio Version 16
VisualStudioVersion = 16.0.29728.190
MinimumVisualStudioVersion = 10.0.40219.1
Project("{FAE04EC0-301F-11D3-BF4B-00C04F79EFBC}") = "Marathon_Skills_2015", "Marathon_Skills_2015\Marathon_Skills_2015.csproj", "{E7B34716-99B6-49DF-A8B3-851727AE794E}"
EndProject
Project("{FAE04EC0-301F-11D3-BF4B-00C04F79EFBC}") = "Marathon.API", "Marathon.API\Marathon.API.csproj", "{72D56775-4CA0-4A7F-95F9-71949198942E}"
EndProject
Project("{FAE04EC0-301F-11D3-BF4B-00C04F79EFBC}") = "Marathon.API.Tests", "Marathon.API.Tests\Marathon.API.Tests.csproj", "{8FC5BF85-6B2B-4008-9416-3D9D188AFB7A}"
EndProject
Global
	GlobalSection(SolutionConfigurationPlatforms) = preSolution
		Debug|Any CPU = Debug|Any CPU
		Release|Any CPU = Release|Any CPU
	EndGlobalSection
	GlobalSection(ProjectConfigurationPlatforms) = postSolution
		{E7B34716-99B6-49DF-A8B3-851727AE794E}.Debug|Any CPU.ActiveCfg = Debug|Any CPU
		{E7B34716-99B6-49DF-A8B3-851727AE794E}.Debug|Any CPU.Build.0 = Debug|Any CPU
		{E7B34716-99B6-49DF-A8B3-851727AE794E}.Release|Any CPU.ActiveCfg = Release|Any CPU
		{E7B34716-99B6-49DF-A8B3-851727AE794E}.Release|Any CPU.Build.0 = Release|Any CPU
		{72D56775-4CA0-4A7F-95F9-71949198942E}.Debug|Any CPU.ActiveCfg = Debug|Any CPU
		{72D56775-4CA0-4A7F-95F9-71949198942E}.Debug|Any CPU.Build.0 = Debug|Any CPU
		{72D56775-4CA0-4A7F-95F9-71949198942E}.Release|Any CPU.ActiveCfg = Release|Any CPU
		{72D56775-4CA0-4A7F-95F9-71949198942E}.Release|Any CPU.Build.0 = Release|Any CPU
		{8FC5BF85-6B2B-4008-9416-3D9D188AFB7A}.Debug|Any CPU.ActiveCfg = Debug|Any CPU
		{8FC5BF85-6B2B-4008-9416-3D9D188AFB7A}.Debug|Any CPU.Build.0 = Debug|Any CPU
		{8FC5BF85-6B2B-4008-9416-3D9D188AFB7A}.Release|Any CPU.ActiveCfg = Release|Any CPU
		{8FC5BF85-6B2B-4008-9416-3D9D188AFB7A}.Release|Any CPU.Build.0 = Release|Any CPU
	EndGlobalSection
	GlobalSection(SolutionProperties) = preSolution
		HideSolutionNode = FALSE
	EndGlobalSection
	GlobalSection(ExtensibilityGlobals) = postSolution
		SolutionGuid = {9EA2FFB3-AF41-49F5-B61D-FD275D190D72}
	EndGlobalSection
EndGlobal
